// !$*UTF8*$!
{
	archiveVersion = 1;
	classes = {
	};
	objectVersion = 55;
	objects = {

/* Begin PBXBuildFile section */
		000F52D428F4636A00509E5A /* WinnersTableViewController.swift in Sources */ = {isa = PBXBuildFile; fileRef = 000F52D328F4636A00509E5A /* WinnersTableViewController.swift */; };
		000F52D728F464E300509E5A /* WorldCupViewController.swift in Sources */ = {isa = PBXBuildFile; fileRef = 000F52D628F464E300509E5A /* WorldCupViewController.swift */; };
		000F52D928F4657F00509E5A /* WorldCup.swift in Sources */ = {isa = PBXBuildFile; fileRef = 000F52D828F4657F00509E5A /* WorldCup.swift */; };
		002FABDC28F7518600B74543 /* GamesTableViewCell.swift in Sources */ = {isa = PBXBuildFile; fileRef = 002FABDB28F7518600B74543 /* GamesTableViewCell.swift */; };
		00B7067A28F3516800A0CFDA /* AppDelegate.swift in Sources */ = {isa = PBXBuildFile; fileRef = 00B7067928F3516800A0CFDA /* AppDelegate.swift */; };
		00B7067C28F3516800A0CFDA /* SceneDelegate.swift in Sources */ = {isa = PBXBuildFile; fileRef = 00B7067B28F3516800A0CFDA /* SceneDelegate.swift */; };
		00B7068128F3516800A0CFDA /* Main.storyboard in Resources */ = {isa = PBXBuildFile; fileRef = 00B7067F28F3516800A0CFDA /* Main.storyboard */; };
		00B7068328F3516B00A0CFDA /* Assets.xcassets in Resources */ = {isa = PBXBuildFile; fileRef = 00B7068228F3516B00A0CFDA /* Assets.xcassets */; };
		00B7068628F3516B00A0CFDA /* LaunchScreen.storyboard in Resources */ = {isa = PBXBuildFile; fileRef = 00B7068428F3516B00A0CFDA /* LaunchScreen.storyboard */; };
		00C1944C28F60E69003C6B84 /* Brasil.png in Resources */ = {isa = PBXBuildFile; fileRef = 00C1941B28F60E68003C6B84 /* Brasil.png */; };
		00C1944D28F60E69003C6B84 /* Colômbia.png in Resources */ = {isa = PBXBuildFile; fileRef = 00C1941C28F60E68003C6B84 /* Colômbia.png */; };
		00C1944E28F60E69003C6B84 /* Alemanha Oriental.png in Resources */ = {isa = PBXBuildFile; fileRef = 00C1941D28F60E68003C6B84 /* Alemanha Oriental.png */; };
		00C1944F28F60E69003C6B84 /* Tchecoslováquia.png in Resources */ = {isa = PBXBuildFile; fileRef = 00C1941E28F60E68003C6B84 /* Tchecoslováquia.png */; };
		00C1945028F60E69003C6B84 /* Coréia do Sul.png in Resources */ = {isa = PBXBuildFile; fileRef = 00C1941F28F60E68003C6B84 /* Coréia do Sul.png */; };
		00C1945128F60E69003C6B84 /* Honduras.png in Resources */ = {isa = PBXBuildFile; fileRef = 00C1942028F60E68003C6B84 /* Honduras.png */; };
		00C1945228F60E69003C6B84 /* Estados Unidos.png in Resources */ = {isa = PBXBuildFile; fileRef = 00C1942128F60E68003C6B84 /* Estados Unidos.png */; };
		00C1945328F60E69003C6B84 /* Arábia Saudita.png in Resources */ = {isa = PBXBuildFile; fileRef = 00C1942228F60E68003C6B84 /* Arábia Saudita.png */; };
		00C1945428F60E69003C6B84 /* Ucrânia.png in Resources */ = {isa = PBXBuildFile; fileRef = 00C1942328F60E68003C6B84 /* Ucrânia.png */; };
		00C1945528F60E69003C6B84 /* Croácia.png in Resources */ = {isa = PBXBuildFile; fileRef = 00C1942428F60E68003C6B84 /* Croácia.png */; };
		00C1945628F60E69003C6B84 /* Alemanha Ocidental.png in Resources */ = {isa = PBXBuildFile; fileRef = 00C1942528F60E68003C6B84 /* Alemanha Ocidental.png */; };
		00C1945728F60E69003C6B84 /* Camarões.png in Resources */ = {isa = PBXBuildFile; fileRef = 00C1942628F60E68003C6B84 /* Camarões.png */; };
		00C1945828F60E69003C6B84 /* Gana.png in Resources */ = {isa = PBXBuildFile; fileRef = 00C1942728F60E68003C6B84 /* Gana.png */; };
		00C1945928F60E69003C6B84 /* Dinamarca.png in Resources */ = {isa = PBXBuildFile; fileRef = 00C1942828F60E68003C6B84 /* Dinamarca.png */; };
		00C1945A28F60E69003C6B84 /* Espanha.png in Resources */ = {isa = PBXBuildFile; fileRef = 00C1942928F60E68003C6B84 /* Espanha.png */; };
		00C1945B28F60E69003C6B84 /* Alemanha.png in Resources */ = {isa = PBXBuildFile; fileRef = 00C1942A28F60E68003C6B84 /* Alemanha.png */; };
		00C1945C28F60E69003C6B84 /* África do Sul.png in Resources */ = {isa = PBXBuildFile; fileRef = 00C1942B28F60E68003C6B84 /* África do Sul.png */; };
		00C1945D28F60E69003C6B84 /* Portugal.png in Resources */ = {isa = PBXBuildFile; fileRef = 00C1942C28F60E68003C6B84 /* Portugal.png */; };
		00C1945E28F60E69003C6B84 /* Inglaterra.png in Resources */ = {isa = PBXBuildFile; fileRef = 00C1942D28F60E68003C6B84 /* Inglaterra.png */; };
		00C1945F28F60E69003C6B84 /* Rússia.png in Resources */ = {isa = PBXBuildFile; fileRef = 00C1942E28F60E68003C6B84 /* Rússia.png */; };
		00C1946028F60E69003C6B84 /* Emirados Árabes.png in Resources */ = {isa = PBXBuildFile; fileRef = 00C1942F28F60E68003C6B84 /* Emirados Árabes.png */; };
		00C1946128F60E69003C6B84 /* Peru.png in Resources */ = {isa = PBXBuildFile; fileRef = 00C1943028F60E68003C6B84 /* Peru.png */; };
		00C1946228F60E69003C6B84 /* País de Gales.png in Resources */ = {isa = PBXBuildFile; fileRef = 00C1943128F60E68003C6B84 /* País de Gales.png */; };
		00C1946328F60E69003C6B84 /* Austrália.png in Resources */ = {isa = PBXBuildFile; fileRef = 00C1943228F60E68003C6B84 /* Austrália.png */; };
		00C1946428F60E69003C6B84 /* Itália.png in Resources */ = {isa = PBXBuildFile; fileRef = 00C1943328F60E68003C6B84 /* Itália.png */; };
		00C1946528F60E69003C6B84 /* Paraguai.png in Resources */ = {isa = PBXBuildFile; fileRef = 00C1943428F60E68003C6B84 /* Paraguai.png */; };
		00C1946628F60E69003C6B84 /* República Tcheca.png in Resources */ = {isa = PBXBuildFile; fileRef = 00C1943528F60E68003C6B84 /* República Tcheca.png */; };
		00C1946728F60E69003C6B84 /* Iugoslávia.png in Resources */ = {isa = PBXBuildFile; fileRef = 00C1943628F60E68003C6B84 /* Iugoslávia.png */; };
		00C1946828F60E69003C6B84 /* México.png in Resources */ = {isa = PBXBuildFile; fileRef = 00C1943728F60E68003C6B84 /* México.png */; };
		00C1946928F60E69003C6B84 /* Holanda.png in Resources */ = {isa = PBXBuildFile; fileRef = 00C1943828F60E68003C6B84 /* Holanda.png */; };
		00C1946A28F60E69003C6B84 /* França.png in Resources */ = {isa = PBXBuildFile; fileRef = 00C1943928F60E68003C6B84 /* França.png */; };
		00C1946B28F60E69003C6B84 /* Argélia.png in Resources */ = {isa = PBXBuildFile; fileRef = 00C1943A28F60E68003C6B84 /* Argélia.png */; };
		00C1946C28F60E69003C6B84 /* Turquia.png in Resources */ = {isa = PBXBuildFile; fileRef = 00C1943B28F60E68003C6B84 /* Turquia.png */; };
		00C1946D28F60E69003C6B84 /* Uruguai.png in Resources */ = {isa = PBXBuildFile; fileRef = 00C1943C28F60E68003C6B84 /* Uruguai.png */; };
		00C1946E28F60E69003C6B84 /* Romênia.png in Resources */ = {isa = PBXBuildFile; fileRef = 00C1943D28F60E68003C6B84 /* Romênia.png */; };
		00C1946F28F60E69003C6B84 /* Suécia.png in Resources */ = {isa = PBXBuildFile; fileRef = 00C1943E28F60E68003C6B84 /* Suécia.png */; };
		00C1947028F60E69003C6B84 /* Argentina.png in Resources */ = {isa = PBXBuildFile; fileRef = 00C1943F28F60E68003C6B84 /* Argentina.png */; };
		00C1947128F60E69003C6B84 /* Hungria.png in Resources */ = {isa = PBXBuildFile; fileRef = 00C1944028F60E68003C6B84 /* Hungria.png */; };
		00C1947228F60E69003C6B84 /* União Soviética.png in Resources */ = {isa = PBXBuildFile; fileRef = 00C1944128F60E68003C6B84 /* União Soviética.png */; };
		00C1947328F60E69003C6B84 /* Bolívia.png in Resources */ = {isa = PBXBuildFile; fileRef = 00C1944228F60E68003C6B84 /* Bolívia.png */; };
		00C1947428F60E69003C6B84 /* Polônia.png in Resources */ = {isa = PBXBuildFile; fileRef = 00C1944328F60E68003C6B84 /* Polônia.png */; };
		00C1947528F60E69003C6B84 /* Noruega.png in Resources */ = {isa = PBXBuildFile; fileRef = 00C1944428F60E69003C6B84 /* Noruega.png */; };
		00C1947628F60E69003C6B84 /* Áustria.png in Resources */ = {isa = PBXBuildFile; fileRef = 00C1944528F60E69003C6B84 /* Áustria.png */; };
		00C1947728F60E69003C6B84 /* Suíça.png in Resources */ = {isa = PBXBuildFile; fileRef = 00C1944628F60E69003C6B84 /* Suíça.png */; };
		00C1947828F60E69003C6B84 /* China.png in Resources */ = {isa = PBXBuildFile; fileRef = 00C1944728F60E69003C6B84 /* China.png */; };
		00C1947928F60E69003C6B84 /* Chile.png in Resources */ = {isa = PBXBuildFile; fileRef = 00C1944828F60E69003C6B84 /* Chile.png */; };
		00C1947A28F60E69003C6B84 /* Costa Rica.png in Resources */ = {isa = PBXBuildFile; fileRef = 00C1944928F60E69003C6B84 /* Costa Rica.png */; };
		00C1947B28F60E69003C6B84 /* Bélgica.png in Resources */ = {isa = PBXBuildFile; fileRef = 00C1944A28F60E69003C6B84 /* Bélgica.png */; };
		00C1947C28F60E69003C6B84 /* Bulgária.png in Resources */ = {isa = PBXBuildFile; fileRef = 00C1944B28F60E69003C6B84 /* Bulgária.png */; };
		00C1947E28F60E75003C6B84 /* winners.json in Resources */ = {isa = PBXBuildFile; fileRef = 00C1947D28F60E75003C6B84 /* winners.json */; };
		00C1948028F62AF3003C6B84 /* WorldCupTableViewCell.swift in Sources */ = {isa = PBXBuildFile; fileRef = 00C1947F28F62AF3003C6B84 /* WorldCupTableViewCell.swift */; };
/* End PBXBuildFile section */

/* Begin PBXFileReference section */
		000F52D328F4636A00509E5A /* WinnersTableViewController.swift */ = {isa = PBXFileReference; lastKnownFileType = sourcecode.swift; path = WinnersTableViewController.swift; sourceTree = "<group>"; };
		000F52D628F464E300509E5A /* WorldCupViewController.swift */ = {isa = PBXFileReference; lastKnownFileType = sourcecode.swift; path = WorldCupViewController.swift; sourceTree = "<group>"; };
		000F52D828F4657F00509E5A /* WorldCup.swift */ = {isa = PBXFileReference; lastKnownFileType = sourcecode.swift; path = WorldCup.swift; sourceTree = "<group>"; };
		002FABDB28F7518600B74543 /* GamesTableViewCell.swift */ = {isa = PBXFileReference; lastKnownFileType = sourcecode.swift; path = GamesTableViewCell.swift; sourceTree = "<group>"; };
		00B7067628F3516800A0CFDA /* CampeoesDaCopa.app */ = {isa = PBXFileReference; explicitFileType = wrapper.application; includeInIndex = 0; path = CampeoesDaCopa.app; sourceTree = BUILT_PRODUCTS_DIR; };
		00B7067928F3516800A0CFDA /* AppDelegate.swift */ = {isa = PBXFileReference; lastKnownFileType = sourcecode.swift; path = AppDelegate.swift; sourceTree = "<group>"; };
		00B7067B28F3516800A0CFDA /* SceneDelegate.swift */ = {isa = PBXFileReference; lastKnownFileType = sourcecode.swift; path = SceneDelegate.swift; sourceTree = "<group>"; };
		00B7068028F3516800A0CFDA /* Base */ = {isa = PBXFileReference; lastKnownFileType = file.storyboard; name = Base; path = Base.lproj/Main.storyboard; sourceTree = "<group>"; };
		00B7068228F3516B00A0CFDA /* Assets.xcassets */ = {isa = PBXFileReference; lastKnownFileType = folder.assetcatalog; path = Assets.xcassets; sourceTree = "<group>"; };
		00B7068528F3516B00A0CFDA /* Base */ = {isa = PBXFileReference; lastKnownFileType = file.storyboard; name = Base; path = Base.lproj/LaunchScreen.storyboard; sourceTree = "<group>"; };
		00B7068728F3516B00A0CFDA /* Info.plist */ = {isa = PBXFileReference; lastKnownFileType = text.plist.xml; path = Info.plist; sourceTree = "<group>"; };
		00C1941B28F60E68003C6B84 /* Brasil.png */ = {isa = PBXFileReference; lastKnownFileType = image.png; name = Brasil.png; path = "../../../../../../Downloads/Arquivos CampeoesDaCopa/Bandeiras/Brasil.png"; sourceTree = "<group>"; };
		00C1941C28F60E68003C6B84 /* Colômbia.png */ = {isa = PBXFileReference; lastKnownFileType = image.png; name = "Colômbia.png"; path = "../../../../../../Downloads/Arquivos CampeoesDaCopa/Bandeiras/Colômbia.png"; sourceTree = "<group>"; };
		00C1941D28F60E68003C6B84 /* Alemanha Oriental.png */ = {isa = PBXFileReference; lastKnownFileType = image.png; name = "Alemanha Oriental.png"; path = "../../../../../../Downloads/Arquivos CampeoesDaCopa/Bandeiras/Alemanha Oriental.png"; sourceTree = "<group>"; };
		00C1941E28F60E68003C6B84 /* Tchecoslováquia.png */ = {isa = PBXFileReference; lastKnownFileType = image.png; name = "Tchecoslováquia.png"; path = "../../../../../../Downloads/Arquivos CampeoesDaCopa/Bandeiras/Tchecoslováquia.png"; sourceTree = "<group>"; };
		00C1941F28F60E68003C6B84 /* Coréia do Sul.png */ = {isa = PBXFileReference; lastKnownFileType = image.png; name = "Coréia do Sul.png"; path = "../../../../../../Downloads/Arquivos CampeoesDaCopa/Bandeiras/Coréia do Sul.png"; sourceTree = "<group>"; };
		00C1942028F60E68003C6B84 /* Honduras.png */ = {isa = PBXFileReference; lastKnownFileType = image.png; name = Honduras.png; path = "../../../../../../Downloads/Arquivos CampeoesDaCopa/Bandeiras/Honduras.png"; sourceTree = "<group>"; };
		00C1942128F60E68003C6B84 /* Estados Unidos.png */ = {isa = PBXFileReference; lastKnownFileType = image.png; name = "Estados Unidos.png"; path = "../../../../../../Downloads/Arquivos CampeoesDaCopa/Bandeiras/Estados Unidos.png"; sourceTree = "<group>"; };
		00C1942228F60E68003C6B84 /* Arábia Saudita.png */ = {isa = PBXFileReference; lastKnownFileType = image.png; name = "Arábia Saudita.png"; path = "../../../../../../Downloads/Arquivos CampeoesDaCopa/Bandeiras/Arábia Saudita.png"; sourceTree = "<group>"; };
		00C1942328F60E68003C6B84 /* Ucrânia.png */ = {isa = PBXFileReference; lastKnownFileType = image.png; name = "Ucrânia.png"; path = "../../../../../../Downloads/Arquivos CampeoesDaCopa/Bandeiras/Ucrânia.png"; sourceTree = "<group>"; };
		00C1942428F60E68003C6B84 /* Croácia.png */ = {isa = PBXFileReference; lastKnownFileType = image.png; name = "Croácia.png"; path = "../../../../../../Downloads/Arquivos CampeoesDaCopa/Bandeiras/Croácia.png"; sourceTree = "<group>"; };
		00C1942528F60E68003C6B84 /* Alemanha Ocidental.png */ = {isa = PBXFileReference; lastKnownFileType = image.png; name = "Alemanha Ocidental.png"; path = "../../../../../../Downloads/Arquivos CampeoesDaCopa/Bandeiras/Alemanha Ocidental.png"; sourceTree = "<group>"; };
		00C1942628F60E68003C6B84 /* Camarões.png */ = {isa = PBXFileReference; lastKnownFileType = image.png; name = "Camarões.png"; path = "../../../../../../Downloads/Arquivos CampeoesDaCopa/Bandeiras/Camarões.png"; sourceTree = "<group>"; };
		00C1942728F60E68003C6B84 /* Gana.png */ = {isa = PBXFileReference; lastKnownFileType = image.png; name = Gana.png; path = "../../../../../../Downloads/Arquivos CampeoesDaCopa/Bandeiras/Gana.png"; sourceTree = "<group>"; };
		00C1942828F60E68003C6B84 /* Dinamarca.png */ = {isa = PBXFileReference; lastKnownFileType = image.png; name = Dinamarca.png; path = "../../../../../../Downloads/Arquivos CampeoesDaCopa/Bandeiras/Dinamarca.png"; sourceTree = "<group>"; };
		00C1942928F60E68003C6B84 /* Espanha.png */ = {isa = PBXFileReference; lastKnownFileType = image.png; name = Espanha.png; path = "../../../../../../Downloads/Arquivos CampeoesDaCopa/Bandeiras/Espanha.png"; sourceTree = "<group>"; };
		00C1942A28F60E68003C6B84 /* Alemanha.png */ = {isa = PBXFileReference; lastKnownFileType = image.png; name = Alemanha.png; path = "../../../../../../Downloads/Arquivos CampeoesDaCopa/Bandeiras/Alemanha.png"; sourceTree = "<group>"; };
		00C1942B28F60E68003C6B84 /* África do Sul.png */ = {isa = PBXFileReference; lastKnownFileType = image.png; name = "África do Sul.png"; path = "../../../../../../Downloads/Arquivos CampeoesDaCopa/Bandeiras/África do Sul.png"; sourceTree = "<group>"; };
		00C1942C28F60E68003C6B84 /* Portugal.png */ = {isa = PBXFileReference; lastKnownFileType = image.png; name = Portugal.png; path = "../../../../../../Downloads/Arquivos CampeoesDaCopa/Bandeiras/Portugal.png"; sourceTree = "<group>"; };
		00C1942D28F60E68003C6B84 /* Inglaterra.png */ = {isa = PBXFileReference; lastKnownFileType = image.png; name = Inglaterra.png; path = "../../../../../../Downloads/Arquivos CampeoesDaCopa/Bandeiras/Inglaterra.png"; sourceTree = "<group>"; };
		00C1942E28F60E68003C6B84 /* Rússia.png */ = {isa = PBXFileReference; lastKnownFileType = image.png; name = "Rússia.png"; path = "../../../../../../Downloads/Arquivos CampeoesDaCopa/Bandeiras/Rússia.png"; sourceTree = "<group>"; };
		00C1942F28F60E68003C6B84 /* Emirados Árabes.png */ = {isa = PBXFileReference; lastKnownFileType = image.png; name = "Emirados Árabes.png"; path = "../../../../../../Downloads/Arquivos CampeoesDaCopa/Bandeiras/Emirados Árabes.png"; sourceTree = "<group>"; };
		00C1943028F60E68003C6B84 /* Peru.png */ = {isa = PBXFileReference; lastKnownFileType = image.png; name = Peru.png; path = "../../../../../../Downloads/Arquivos CampeoesDaCopa/Bandeiras/Peru.png"; sourceTree = "<group>"; };
		00C1943128F60E68003C6B84 /* País de Gales.png */ = {isa = PBXFileReference; lastKnownFileType = image.png; name = "País de Gales.png"; path = "../../../../../../Downloads/Arquivos CampeoesDaCopa/Bandeiras/País de Gales.png"; sourceTree = "<group>"; };
		00C1943228F60E68003C6B84 /* Austrália.png */ = {isa = PBXFileReference; lastKnownFileType = image.png; name = "Austrália.png"; path = "../../../../../../Downloads/Arquivos CampeoesDaCopa/Bandeiras/Austrália.png"; sourceTree = "<group>"; };
		00C1943328F60E68003C6B84 /* Itália.png */ = {isa = PBXFileReference; lastKnownFileType = image.png; name = "Itália.png"; path = "../../../../../../Downloads/Arquivos CampeoesDaCopa/Bandeiras/Itália.png"; sourceTree = "<group>"; };
		00C1943428F60E68003C6B84 /* Paraguai.png */ = {isa = PBXFileReference; lastKnownFileType = image.png; name = Paraguai.png; path = "../../../../../../Downloads/Arquivos CampeoesDaCopa/Bandeiras/Paraguai.png"; sourceTree = "<group>"; };
		00C1943528F60E68003C6B84 /* República Tcheca.png */ = {isa = PBXFileReference; lastKnownFileType = image.png; name = "República Tcheca.png"; path = "../../../../../../Downloads/Arquivos CampeoesDaCopa/Bandeiras/República Tcheca.png"; sourceTree = "<group>"; };
		00C1943628F60E68003C6B84 /* Iugoslávia.png */ = {isa = PBXFileReference; lastKnownFileType = image.png; name = "Iugoslávia.png"; path = "../../../../../../Downloads/Arquivos CampeoesDaCopa/Bandeiras/Iugoslávia.png"; sourceTree = "<group>"; };
		00C1943728F60E68003C6B84 /* México.png */ = {isa = PBXFileReference; lastKnownFileType = image.png; name = "México.png"; path = "../../../../../../Downloads/Arquivos CampeoesDaCopa/Bandeiras/México.png"; sourceTree = "<group>"; };
		00C1943828F60E68003C6B84 /* Holanda.png */ = {isa = PBXFileReference; lastKnownFileType = image.png; name = Holanda.png; path = "../../../../../../Downloads/Arquivos CampeoesDaCopa/Bandeiras/Holanda.png"; sourceTree = "<group>"; };
		00C1943928F60E68003C6B84 /* França.png */ = {isa = PBXFileReference; lastKnownFileType = image.png; name = "França.png"; path = "../../../../../../Downloads/Arquivos CampeoesDaCopa/Bandeiras/França.png"; sourceTree = "<group>"; };
		00C1943A28F60E68003C6B84 /* Argélia.png */ = {isa = PBXFileReference; lastKnownFileType = image.png; name = "Argélia.png"; path = "../../../../../../Downloads/Arquivos CampeoesDaCopa/Bandeiras/Argélia.png"; sourceTree = "<group>"; };
		00C1943B28F60E68003C6B84 /* Turquia.png */ = {isa = PBXFileReference; lastKnownFileType = image.png; name = Turquia.png; path = "../../../../../../Downloads/Arquivos CampeoesDaCopa/Bandeiras/Turquia.png"; sourceTree = "<group>"; };
		00C1943C28F60E68003C6B84 /* Uruguai.png */ = {isa = PBXFileReference; lastKnownFileType = image.png; name = Uruguai.png; path = "../../../../../../Downloads/Arquivos CampeoesDaCopa/Bandeiras/Uruguai.png"; sourceTree = "<group>"; };
		00C1943D28F60E68003C6B84 /* Romênia.png */ = {isa = PBXFileReference; lastKnownFileType = image.png; name = "Romênia.png"; path = "../../../../../../Downloads/Arquivos CampeoesDaCopa/Bandeiras/Romênia.png"; sourceTree = "<group>"; };
		00C1943E28F60E68003C6B84 /* Suécia.png */ = {isa = PBXFileReference; lastKnownFileType = image.png; name = "Suécia.png"; path = "../../../../../../Downloads/Arquivos CampeoesDaCopa/Bandeiras/Suécia.png"; sourceTree = "<group>"; };
		00C1943F28F60E68003C6B84 /* Argentina.png */ = {isa = PBXFileReference; lastKnownFileType = image.png; name = Argentina.png; path = "../../../../../../Downloads/Arquivos CampeoesDaCopa/Bandeiras/Argentina.png"; sourceTree = "<group>"; };
		00C1944028F60E68003C6B84 /* Hungria.png */ = {isa = PBXFileReference; lastKnownFileType = image.png; name = Hungria.png; path = "../../../../../../Downloads/Arquivos CampeoesDaCopa/Bandeiras/Hungria.png"; sourceTree = "<group>"; };
		00C1944128F60E68003C6B84 /* União Soviética.png */ = {isa = PBXFileReference; lastKnownFileType = image.png; name = "União Soviética.png"; path = "../../../../../../Downloads/Arquivos CampeoesDaCopa/Bandeiras/União Soviética.png"; sourceTree = "<group>"; };
		00C1944228F60E68003C6B84 /* Bolívia.png */ = {isa = PBXFileReference; lastKnownFileType = image.png; name = "Bolívia.png"; path = "../../../../../../Downloads/Arquivos CampeoesDaCopa/Bandeiras/Bolívia.png"; sourceTree = "<group>"; };
		00C1944328F60E68003C6B84 /* Polônia.png */ = {isa = PBXFileReference; lastKnownFileType = image.png; name = "Polônia.png"; path = "../../../../../../Downloads/Arquivos CampeoesDaCopa/Bandeiras/Polônia.png"; sourceTree = "<group>"; };
		00C1944428F60E69003C6B84 /* Noruega.png */ = {isa = PBXFileReference; lastKnownFileType = image.png; name = Noruega.png; path = "../../../../../../Downloads/Arquivos CampeoesDaCopa/Bandeiras/Noruega.png"; sourceTree = "<group>"; };
		00C1944528F60E69003C6B84 /* Áustria.png */ = {isa = PBXFileReference; lastKnownFileType = image.png; name = "Áustria.png"; path = "../../../../../../Downloads/Arquivos CampeoesDaCopa/Bandeiras/Áustria.png"; sourceTree = "<group>"; };
		00C1944628F60E69003C6B84 /* Suíça.png */ = {isa = PBXFileReference; lastKnownFileType = image.png; name = "Suíça.png"; path = "../../../../../../Downloads/Arquivos CampeoesDaCopa/Bandeiras/Suíça.png"; sourceTree = "<group>"; };
		00C1944728F60E69003C6B84 /* China.png */ = {isa = PBXFileReference; lastKnownFileType = image.png; name = China.png; path = "../../../../../../Downloads/Arquivos CampeoesDaCopa/Bandeiras/China.png"; sourceTree = "<group>"; };
		00C1944828F60E69003C6B84 /* Chile.png */ = {isa = PBXFileReference; lastKnownFileType = image.png; name = Chile.png; path = "../../../../../../Downloads/Arquivos CampeoesDaCopa/Bandeiras/Chile.png"; sourceTree = "<group>"; };
		00C1944928F60E69003C6B84 /* Costa Rica.png */ = {isa = PBXFileReference; lastKnownFileType = image.png; name = "Costa Rica.png"; path = "../../../../../../Downloads/Arquivos CampeoesDaCopa/Bandeiras/Costa Rica.png"; sourceTree = "<group>"; };
		00C1944A28F60E69003C6B84 /* Bélgica.png */ = {isa = PBXFileReference; lastKnownFileType = image.png; name = "Bélgica.png"; path = "../../../../../../Downloads/Arquivos CampeoesDaCopa/Bandeiras/Bélgica.png"; sourceTree = "<group>"; };
		00C1944B28F60E69003C6B84 /* Bulgária.png */ = {isa = PBXFileReference; lastKnownFileType = image.png; name = "Bulgária.png"; path = "../../../../../../Downloads/Arquivos CampeoesDaCopa/Bandeiras/Bulgária.png"; sourceTree = "<group>"; };
		00C1947D28F60E75003C6B84 /* winners.json */ = {isa = PBXFileReference; fileEncoding = 4; lastKnownFileType = text.json; name = winners.json; path = "../../../../../../Downloads/Arquivos CampeoesDaCopa/winners.json"; sourceTree = "<group>"; };
		00C1947F28F62AF3003C6B84 /* WorldCupTableViewCell.swift */ = {isa = PBXFileReference; lastKnownFileType = sourcecode.swift; path = WorldCupTableViewCell.swift; sourceTree = "<group>"; };
/* End PBXFileReference section */

/* Begin PBXFrameworksBuildPhase section */
		00B7067328F3516800A0CFDA /* Frameworks */ = {
			isa = PBXFrameworksBuildPhase;
			buildActionMask = 2147483647;
			files = (
			);
			runOnlyForDeploymentPostprocessing = 0;
		};
/* End PBXFrameworksBuildPhase section */

/* Begin PBXGroup section */
		000F52D228F4631200509E5A /* Views */ = {
			isa = PBXGroup;
			children = (
				00B7067F28F3516800A0CFDA /* Main.storyboard */,
				00B7068428F3516B00A0CFDA /* LaunchScreen.storyboard */,
			);
			path = Views;
			sourceTree = "<group>";
		};
		000F52D528F4637F00509E5A /* Controllers */ = {
			isa = PBXGroup;
			children = (
				002FABDB28F7518600B74543 /* GamesTableViewCell.swift */,
				000F52D328F4636A00509E5A /* WinnersTableViewController.swift */,
				000F52D628F464E300509E5A /* WorldCupViewController.swift */,
				00C1947F28F62AF3003C6B84 /* WorldCupTableViewCell.swift */,
			);
			path = Controllers;
			sourceTree = "<group>";
		};
		000F52DB28F465B700509E5A /* Models */ = {
			isa = PBXGroup;
			children = (
				000F52D828F4657F00509E5A /* WorldCup.swift */,
			);
			path = Models;
			sourceTree = "<group>";
		};
		00B7066D28F3516800A0CFDA = {
			isa = PBXGroup;
			children = (
				00B7067828F3516800A0CFDA /* CampeoesDaCopa */,
				00B7067728F3516800A0CFDA /* Products */,
			);
			sourceTree = "<group>";
		};
		00B7067728F3516800A0CFDA /* Products */ = {
			isa = PBXGroup;
			children = (
				00B7067628F3516800A0CFDA /* CampeoesDaCopa.app */,
			);
			name = Products;
			sourceTree = "<group>";
		};
		00B7067828F3516800A0CFDA /* CampeoesDaCopa */ = {
			isa = PBXGroup;
			children = (
				00C1941A28F60DFC003C6B84 /* Files */,
				00B7067928F3516800A0CFDA /* AppDelegate.swift */,
				00B7067B28F3516800A0CFDA /* SceneDelegate.swift */,
				000F52DB28F465B700509E5A /* Models */,
				000F52D228F4631200509E5A /* Views */,
				000F52D528F4637F00509E5A /* Controllers */,
				00B7068228F3516B00A0CFDA /* Assets.xcassets */,
				00B7068728F3516B00A0CFDA /* Info.plist */,
			);
			path = CampeoesDaCopa;
			sourceTree = "<group>";
		};
		00C1941A28F60DFC003C6B84 /* Files */ = {
			isa = PBXGroup;
			children = (
				00C1947D28F60E75003C6B84 /* winners.json */,
				00C1942B28F60E68003C6B84 /* África do Sul.png */,
				00C1942528F60E68003C6B84 /* Alemanha Ocidental.png */,
				00C1941D28F60E68003C6B84 /* Alemanha Oriental.png */,
				00C1942A28F60E68003C6B84 /* Alemanha.png */,
				00C1942228F60E68003C6B84 /* Arábia Saudita.png */,
				00C1943A28F60E68003C6B84 /* Argélia.png */,
				00C1943F28F60E68003C6B84 /* Argentina.png */,
				00C1943228F60E68003C6B84 /* Austrália.png */,
				00C1944528F60E69003C6B84 /* Áustria.png */,
				00C1944A28F60E69003C6B84 /* Bélgica.png */,
				00C1944228F60E68003C6B84 /* Bolívia.png */,
				00C1941B28F60E68003C6B84 /* Brasil.png */,
				00C1944B28F60E69003C6B84 /* Bulgária.png */,
				00C1942628F60E68003C6B84 /* Camarões.png */,
				00C1944828F60E69003C6B84 /* Chile.png */,
				00C1944728F60E69003C6B84 /* China.png */,
				00C1941C28F60E68003C6B84 /* Colômbia.png */,
				00C1941F28F60E68003C6B84 /* Coréia do Sul.png */,
				00C1944928F60E69003C6B84 /* Costa Rica.png */,
				00C1942428F60E68003C6B84 /* Croácia.png */,
				00C1942828F60E68003C6B84 /* Dinamarca.png */,
				00C1942F28F60E68003C6B84 /* Emirados Árabes.png */,
				00C1942928F60E68003C6B84 /* Espanha.png */,
				00C1942128F60E68003C6B84 /* Estados Unidos.png */,
				00C1943928F60E68003C6B84 /* França.png */,
				00C1942728F60E68003C6B84 /* Gana.png */,
				00C1943828F60E68003C6B84 /* Holanda.png */,
				00C1942028F60E68003C6B84 /* Honduras.png */,
				00C1944028F60E68003C6B84 /* Hungria.png */,
				00C1942D28F60E68003C6B84 /* Inglaterra.png */,
				00C1943328F60E68003C6B84 /* Itália.png */,
				00C1943628F60E68003C6B84 /* Iugoslávia.png */,
				00C1943728F60E68003C6B84 /* México.png */,
				00C1944428F60E69003C6B84 /* Noruega.png */,
				00C1943128F60E68003C6B84 /* País de Gales.png */,
				00C1943428F60E68003C6B84 /* Paraguai.png */,
				00C1943028F60E68003C6B84 /* Peru.png */,
				00C1944328F60E68003C6B84 /* Polônia.png */,
				00C1942C28F60E68003C6B84 /* Portugal.png */,
				00C1943528F60E68003C6B84 /* República Tcheca.png */,
				00C1943D28F60E68003C6B84 /* Romênia.png */,
				00C1942E28F60E68003C6B84 /* Rússia.png */,
				00C1943E28F60E68003C6B84 /* Suécia.png */,
				00C1944628F60E69003C6B84 /* Suíça.png */,
				00C1941E28F60E68003C6B84 /* Tchecoslováquia.png */,
				00C1943B28F60E68003C6B84 /* Turquia.png */,
				00C1942328F60E68003C6B84 /* Ucrânia.png */,
				00C1944128F60E68003C6B84 /* União Soviética.png */,
				00C1943C28F60E68003C6B84 /* Uruguai.png */,
			);
			path = Files;
			sourceTree = "<group>";
		};
/* End PBXGroup section */

/* Begin PBXNativeTarget section */
		00B7067528F3516800A0CFDA /* CampeoesDaCopa */ = {
			isa = PBXNativeTarget;
			buildConfigurationList = 00B7068A28F3516B00A0CFDA /* Build configuration list for PBXNativeTarget "CampeoesDaCopa" */;
			buildPhases = (
				00B7067228F3516800A0CFDA /* Sources */,
				00B7067328F3516800A0CFDA /* Frameworks */,
				00B7067428F3516800A0CFDA /* Resources */,
			);
			buildRules = (
			);
			dependencies = (
			);
			name = CampeoesDaCopa;
			productName = CampeoesDaCopa;
			productReference = 00B7067628F3516800A0CFDA /* CampeoesDaCopa.app */;
			productType = "com.apple.product-type.application";
		};
/* End PBXNativeTarget section */

/* Begin PBXProject section */
		00B7066E28F3516800A0CFDA /* Project object */ = {
			isa = PBXProject;
			attributes = {
				BuildIndependentTargetsInParallel = 1;
				LastSwiftUpdateCheck = 1330;
				LastUpgradeCheck = 1330;
				TargetAttributes = {
					00B7067528F3516800A0CFDA = {
						CreatedOnToolsVersion = 13.3;
					};
				};
			};
			buildConfigurationList = 00B7067128F3516800A0CFDA /* Build configuration list for PBXProject "CampeoesDaCopa" */;
			compatibilityVersion = "Xcode 13.0";
			developmentRegion = en;
			hasScannedForEncodings = 0;
			knownRegions = (
				en,
				Base,
			);
			mainGroup = 00B7066D28F3516800A0CFDA;
			productRefGroup = 00B7067728F3516800A0CFDA /* Products */;
			projectDirPath = "";
			projectRoot = "";
			targets = (
				00B7067528F3516800A0CFDA /* CampeoesDaCopa */,
			);
		};
/* End PBXProject section */

/* Begin PBXResourcesBuildPhase section */
		00B7067428F3516800A0CFDA /* Resources */ = {
			isa = PBXResourcesBuildPhase;
			buildActionMask = 2147483647;
			files = (
				00C1945428F60E69003C6B84 /* Ucrânia.png in Resources */,
				00C1947028F60E69003C6B84 /* Argentina.png in Resources */,
				00C1946928F60E69003C6B84 /* Holanda.png in Resources */,
				00C1947728F60E69003C6B84 /* Suíça.png in Resources */,
				00C1947528F60E69003C6B84 /* Noruega.png in Resources */,
				00C1946D28F60E69003C6B84 /* Uruguai.png in Resources */,
				00C1947A28F60E69003C6B84 /* Costa Rica.png in Resources */,
				00C1945D28F60E69003C6B84 /* Portugal.png in Resources */,
				00C1945028F60E69003C6B84 /* Coréia do Sul.png in Resources */,
				00C1946428F60E69003C6B84 /* Itália.png in Resources */,
				00C1946828F60E69003C6B84 /* México.png in Resources */,
				00C1946528F60E69003C6B84 /* Paraguai.png in Resources */,
				00C1946E28F60E69003C6B84 /* Romênia.png in Resources */,
				00C1945928F60E69003C6B84 /* Dinamarca.png in Resources */,
				00C1945B28F60E69003C6B84 /* Alemanha.png in Resources */,
				00C1947128F60E69003C6B84 /* Hungria.png in Resources */,
				00C1947228F60E69003C6B84 /* União Soviética.png in Resources */,
				00C1945F28F60E69003C6B84 /* Rússia.png in Resources */,
				00C1946F28F60E69003C6B84 /* Suécia.png in Resources */,
				00C1946628F60E69003C6B84 /* República Tcheca.png in Resources */,
				00C1945828F60E69003C6B84 /* Gana.png in Resources */,
				00B7068628F3516B00A0CFDA /* LaunchScreen.storyboard in Resources */,
				00B7068328F3516B00A0CFDA /* Assets.xcassets in Resources */,
				00C1946B28F60E69003C6B84 /* Argélia.png in Resources */,
				00C1947E28F60E75003C6B84 /* winners.json in Resources */,
				00C1946328F60E69003C6B84 /* Austrália.png in Resources */,
				00C1945528F60E69003C6B84 /* Croácia.png in Resources */,
				00C1946728F60E69003C6B84 /* Iugoslávia.png in Resources */,
				00C1947B28F60E69003C6B84 /* Bélgica.png in Resources */,
				00C1946228F60E69003C6B84 /* País de Gales.png in Resources */,
				00C1946028F60E69003C6B84 /* Emirados Árabes.png in Resources */,
				00C1944C28F60E69003C6B84 /* Brasil.png in Resources */,
				00C1945A28F60E69003C6B84 /* Espanha.png in Resources */,
				00C1945328F60E69003C6B84 /* Arábia Saudita.png in Resources */,
				00C1947828F60E69003C6B84 /* China.png in Resources */,
				00C1946A28F60E69003C6B84 /* França.png in Resources */,
				00C1944E28F60E69003C6B84 /* Alemanha Oriental.png in Resources */,
				00C1944F28F60E69003C6B84 /* Tchecoslováquia.png in Resources */,
				00C1947628F60E69003C6B84 /* Áustria.png in Resources */,
				00C1945628F60E69003C6B84 /* Alemanha Ocidental.png in Resources */,
				00C1945228F60E69003C6B84 /* Estados Unidos.png in Resources */,
				00C1947C28F60E69003C6B84 /* Bulgária.png in Resources */,
				00C1947328F60E69003C6B84 /* Bolívia.png in Resources */,
				00C1945C28F60E69003C6B84 /* África do Sul.png in Resources */,
				00C1945728F60E69003C6B84 /* Camarões.png in Resources */,
				00C1944D28F60E69003C6B84 /* Colômbia.png in Resources */,
				00C1945128F60E69003C6B84 /* Honduras.png in Resources */,
				00C1946128F60E69003C6B84 /* Peru.png in Resources */,
				00C1946C28F60E69003C6B84 /* Turquia.png in Resources */,
				00C1947928F60E69003C6B84 /* Chile.png in Resources */,
				00C1945E28F60E69003C6B84 /* Inglaterra.png in Resources */,
				00B7068128F3516800A0CFDA /* Main.storyboard in Resources */,
				00C1947428F60E69003C6B84 /* Polônia.png in Resources */,
			);
			runOnlyForDeploymentPostprocessing = 0;
		};
/* End PBXResourcesBuildPhase section */

/* Begin PBXSourcesBuildPhase section */
		00B7067228F3516800A0CFDA /* Sources */ = {
			isa = PBXSourcesBuildPhase;
			buildActionMask = 2147483647;
			files = (
				000F52D428F4636A00509E5A /* WinnersTableViewController.swift in Sources */,
				00B7067A28F3516800A0CFDA /* AppDelegate.swift in Sources */,
				000F52D928F4657F00509E5A /* WorldCup.swift in Sources */,
				002FABDC28F7518600B74543 /* GamesTableViewCell.swift in Sources */,
				00C1948028F62AF3003C6B84 /* WorldCupTableViewCell.swift in Sources */,
				000F52D728F464E300509E5A /* WorldCupViewController.swift in Sources */,
				00B7067C28F3516800A0CFDA /* SceneDelegate.swift in Sources */,
			);
			runOnlyForDeploymentPostprocessing = 0;
		};
/* End PBXSourcesBuildPhase section */

/* Begin PBXVariantGroup section */
		00B7067F28F3516800A0CFDA /* Main.storyboard */ = {
			isa = PBXVariantGroup;
			children = (
				00B7068028F3516800A0CFDA /* Base */,
			);
			name = Main.storyboard;
			sourceTree = "<group>";
		};
		00B7068428F3516B00A0CFDA /* LaunchScreen.storyboard */ = {
			isa = PBXVariantGroup;
			children = (
				00B7068528F3516B00A0CFDA /* Base */,
			);
			name = LaunchScreen.storyboard;
			sourceTree = "<group>";
		};
/* End PBXVariantGroup section */

/* Begin XCBuildConfiguration section */
		00B7068828F3516B00A0CFDA /* Debug */ = {
			isa = XCBuildConfiguration;
			buildSettings = {
				ALWAYS_SEARCH_USER_PATHS = NO;
				CLANG_ANALYZER_NONNULL = YES;
				CLANG_ANALYZER_NUMBER_OBJECT_CONVERSION = YES_AGGRESSIVE;
				CLANG_CXX_LANGUAGE_STANDARD = "gnu++17";
				CLANG_ENABLE_MODULES = YES;
				CLANG_ENABLE_OBJC_ARC = YES;
				CLANG_ENABLE_OBJC_WEAK = YES;
				CLANG_WARN_BLOCK_CAPTURE_AUTORELEASING = YES;
				CLANG_WARN_BOOL_CONVERSION = YES;
				CLANG_WARN_COMMA = YES;
				CLANG_WARN_CONSTANT_CONVERSION = YES;
				CLANG_WARN_DEPRECATED_OBJC_IMPLEMENTATIONS = YES;
				CLANG_WARN_DIRECT_OBJC_ISA_USAGE = YES_ERROR;
				CLANG_WARN_DOCUMENTATION_COMMENTS = YES;
				CLANG_WARN_EMPTY_BODY = YES;
				CLANG_WARN_ENUM_CONVERSION = YES;
				CLANG_WARN_INFINITE_RECURSION = YES;
				CLANG_WARN_INT_CONVERSION = YES;
				CLANG_WARN_NON_LITERAL_NULL_CONVERSION = YES;
				CLANG_WARN_OBJC_IMPLICIT_RETAIN_SELF = YES;
				CLANG_WARN_OBJC_LITERAL_CONVERSION = YES;
				CLANG_WARN_OBJC_ROOT_CLASS = YES_ERROR;
				CLANG_WARN_QUOTED_INCLUDE_IN_FRAMEWORK_HEADER = YES;
				CLANG_WARN_RANGE_LOOP_ANALYSIS = YES;
				CLANG_WARN_STRICT_PROTOTYPES = YES;
				CLANG_WARN_SUSPICIOUS_MOVE = YES;
				CLANG_WARN_UNGUARDED_AVAILABILITY = YES_AGGRESSIVE;
				CLANG_WARN_UNREACHABLE_CODE = YES;
				CLANG_WARN__DUPLICATE_METHOD_MATCH = YES;
				COPY_PHASE_STRIP = NO;
				DEBUG_INFORMATION_FORMAT = dwarf;
				ENABLE_STRICT_OBJC_MSGSEND = YES;
				ENABLE_TESTABILITY = YES;
				GCC_C_LANGUAGE_STANDARD = gnu11;
				GCC_DYNAMIC_NO_PIC = NO;
				GCC_NO_COMMON_BLOCKS = YES;
				GCC_OPTIMIZATION_LEVEL = 0;
				GCC_PREPROCESSOR_DEFINITIONS = (
					"DEBUG=1",
					"$(inherited)",
				);
				GCC_WARN_64_TO_32_BIT_CONVERSION = YES;
				GCC_WARN_ABOUT_RETURN_TYPE = YES_ERROR;
				GCC_WARN_UNDECLARED_SELECTOR = YES;
				GCC_WARN_UNINITIALIZED_AUTOS = YES_AGGRESSIVE;
				GCC_WARN_UNUSED_FUNCTION = YES;
				GCC_WARN_UNUSED_VARIABLE = YES;
				IPHONEOS_DEPLOYMENT_TARGET = 15.4;
				MTL_ENABLE_DEBUG_INFO = INCLUDE_SOURCE;
				MTL_FAST_MATH = YES;
				ONLY_ACTIVE_ARCH = YES;
				SDKROOT = iphoneos;
				SWIFT_ACTIVE_COMPILATION_CONDITIONS = DEBUG;
				SWIFT_OPTIMIZATION_LEVEL = "-Onone";
			};
			name = Debug;
		};
		00B7068928F3516B00A0CFDA /* Release */ = {
			isa = XCBuildConfiguration;
			buildSettings = {
				ALWAYS_SEARCH_USER_PATHS = NO;
				CLANG_ANALYZER_NONNULL = YES;
				CLANG_ANALYZER_NUMBER_OBJECT_CONVERSION = YES_AGGRESSIVE;
				CLANG_CXX_LANGUAGE_STANDARD = "gnu++17";
				CLANG_ENABLE_MODULES = YES;
				CLANG_ENABLE_OBJC_ARC = YES;
				CLANG_ENABLE_OBJC_WEAK = YES;
				CLANG_WARN_BLOCK_CAPTURE_AUTORELEASING = YES;
				CLANG_WARN_BOOL_CONVERSION = YES;
				CLANG_WARN_COMMA = YES;
				CLANG_WARN_CONSTANT_CONVERSION = YES;
				CLANG_WARN_DEPRECATED_OBJC_IMPLEMENTATIONS = YES;
				CLANG_WARN_DIRECT_OBJC_ISA_USAGE = YES_ERROR;
				CLANG_WARN_DOCUMENTATION_COMMENTS = YES;
				CLANG_WARN_EMPTY_BODY = YES;
				CLANG_WARN_ENUM_CONVERSION = YES;
				CLANG_WARN_INFINITE_RECURSION = YES;
				CLANG_WARN_INT_CONVERSION = YES;
				CLANG_WARN_NON_LITERAL_NULL_CONVERSION = YES;
				CLANG_WARN_OBJC_IMPLICIT_RETAIN_SELF = YES;
				CLANG_WARN_OBJC_LITERAL_CONVERSION = YES;
				CLANG_WARN_OBJC_ROOT_CLASS = YES_ERROR;
				CLANG_WARN_QUOTED_INCLUDE_IN_FRAMEWORK_HEADER = YES;
				CLANG_WARN_RANGE_LOOP_ANALYSIS = YES;
				CLANG_WARN_STRICT_PROTOTYPES = YES;
				CLANG_WARN_SUSPICIOUS_MOVE = YES;
				CLANG_WARN_UNGUARDED_AVAILABILITY = YES_AGGRESSIVE;
				CLANG_WARN_UNREACHABLE_CODE = YES;
				CLANG_WARN__DUPLICATE_METHOD_MATCH = YES;
				COPY_PHASE_STRIP = NO;
				DEBUG_INFORMATION_FORMAT = "dwarf-with-dsym";
				ENABLE_NS_ASSERTIONS = NO;
				ENABLE_STRICT_OBJC_MSGSEND = YES;
				GCC_C_LANGUAGE_STANDARD = gnu11;
				GCC_NO_COMMON_BLOCKS = YES;
				GCC_WARN_64_TO_32_BIT_CONVERSION = YES;
				GCC_WARN_ABOUT_RETURN_TYPE = YES_ERROR;
				GCC_WARN_UNDECLARED_SELECTOR = YES;
				GCC_WARN_UNINITIALIZED_AUTOS = YES_AGGRESSIVE;
				GCC_WARN_UNUSED_FUNCTION = YES;
				GCC_WARN_UNUSED_VARIABLE = YES;
				IPHONEOS_DEPLOYMENT_TARGET = 15.4;
				MTL_ENABLE_DEBUG_INFO = NO;
				MTL_FAST_MATH = YES;
				SDKROOT = iphoneos;
				SWIFT_COMPILATION_MODE = wholemodule;
				SWIFT_OPTIMIZATION_LEVEL = "-O";
				VALIDATE_PRODUCT = YES;
			};
			name = Release;
		};
		00B7068B28F3516B00A0CFDA /* Debug */ = {
			isa = XCBuildConfiguration;
			buildSettings = {
				ASSETCATALOG_COMPILER_APPICON_NAME = AppIcon;
				ASSETCATALOG_COMPILER_GLOBAL_ACCENT_COLOR_NAME = AccentColor;
				CODE_SIGN_STYLE = Automatic;
				CURRENT_PROJECT_VERSION = 1;
				DEVELOPMENT_TEAM = YJ623CW64Z;
				GENERATE_INFOPLIST_FILE = YES;
				INFOPLIST_FILE = CampeoesDaCopa/Info.plist;
				INFOPLIST_KEY_CFBundleDisplayName = "Campeões";
				INFOPLIST_KEY_UIApplicationSupportsIndirectInputEvents = YES;
				INFOPLIST_KEY_UILaunchStoryboardName = LaunchScreen;
				INFOPLIST_KEY_UIMainStoryboardFile = Main;
				INFOPLIST_KEY_UISupportedInterfaceOrientations_iPad = "UIInterfaceOrientationPortrait UIInterfaceOrientationPortraitUpsideDown UIInterfaceOrientationLandscapeLeft UIInterfaceOrientationLandscapeRight";
				INFOPLIST_KEY_UISupportedInterfaceOrientations_iPhone = "UIInterfaceOrientationPortrait UIInterfaceOrientationLandscapeLeft UIInterfaceOrientationLandscapeRight";
				LD_RUNPATH_SEARCH_PATHS = (
					"$(inherited)",
					"@executable_path/Frameworks",
				);
				MARKETING_VERSION = 1.0;
				PRODUCT_BUNDLE_IDENTIFIER = pensamentos.CampeoesDaCopa;
				PRODUCT_NAME = "$(TARGET_NAME)";
				SWIFT_EMIT_LOC_STRINGS = YES;
				SWIFT_VERSION = 5.0;
				TARGETED_DEVICE_FAMILY = "1,2";
			};
			name = Debug;
		};
		00B7068C28F3516B00A0CFDA /* Release */ = {
			isa = XCBuildConfiguration;
			buildSettings = {
				ASSETCATALOG_COMPILER_APPICON_NAME = AppIcon;
				ASSETCATALOG_COMPILER_GLOBAL_ACCENT_COLOR_NAME = AccentColor;
				CODE_SIGN_STYLE = Automatic;
				CURRENT_PROJECT_VERSION = 1;
				DEVELOPMENT_TEAM = YJ623CW64Z;
				GENERATE_INFOPLIST_FILE = YES;
				INFOPLIST_FILE = CampeoesDaCopa/Info.plist;
				INFOPLIST_KEY_CFBundleDisplayName = "Campeões";
				INFOPLIST_KEY_UIApplicationSupportsIndirectInputEvents = YES;
				INFOPLIST_KEY_UILaunchStoryboardName = LaunchScreen;
				INFOPLIST_KEY_UIMainStoryboardFile = Main;
				INFOPLIST_KEY_UISupportedInterfaceOrientations_iPad = "UIInterfaceOrientationPortrait UIInterfaceOrientationPortraitUpsideDown UIInterfaceOrientationLandscapeLeft UIInterfaceOrientationLandscapeRight";
				INFOPLIST_KEY_UISupportedInterfaceOrientations_iPhone = "UIInterfaceOrientationPortrait UIInterfaceOrientationLandscapeLeft UIInterfaceOrientationLandscapeRight";
				LD_RUNPATH_SEARCH_PATHS = (
					"$(inherited)",
					"@executable_path/Frameworks",
				);
				MARKETING_VERSION = 1.0;
				PRODUCT_BUNDLE_IDENTIFIER = pensamentos.CampeoesDaCopa;
				PRODUCT_NAME = "$(TARGET_NAME)";
				SWIFT_EMIT_LOC_STRINGS = YES;
				SWIFT_VERSION = 5.0;
				TARGETED_DEVICE_FAMILY = "1,2";
			};
			name = Release;
		};
/* End XCBuildConfiguration section */

/* Begin XCConfigurationList section */
		00B7067128F3516800A0CFDA /* Build configuration list for PBXProject "CampeoesDaCopa" */ = {
			isa = XCConfigurationList;
			buildConfigurations = (
				00B7068828F3516B00A0CFDA /* Debug */,
				00B7068928F3516B00A0CFDA /* Release */,
			);
			defaultConfigurationIsVisible = 0;
			defaultConfigurationName = Release;
		};
		00B7068A28F3516B00A0CFDA /* Build configuration list for PBXNativeTarget "CampeoesDaCopa" */ = {
			isa = XCConfigurationList;
			buildConfigurations = (
				00B7068B28F3516B00A0CFDA /* Debug */,
				00B7068C28F3516B00A0CFDA /* Release */,
			);
			defaultConfigurationIsVisible = 0;
			defaultConfigurationName = Release;
		};
/* End XCConfigurationList section */
	};
	rootObject = 00B7066E28F3516800A0CFDA /* Project object */;
}
